
Microsoft Visual Studio Solution File, Format Version 12.00
# Visual Studio Version 17
VisualStudioVersion = 17.10.34928.147
MinimumVisualStudioVersion = 10.0.40219.1
Project("{FAE04EC0-301F-11D3-BF4B-00C04F79EFBC}") = "LibraryManager", "LibraryManager\LibraryManager.csproj", "{2C5A484B-F9A6-47AD-933A-71DA2C1C9371}"
EndProject
Global
	GlobalSection(SolutionConfigurationPlatforms) = preSolution
		Debug|Any CPU = Debug|Any CPU
		Release|Any CPU = Release|Any CPU
	EndGlobalSection
	GlobalSection(ProjectConfigurationPlatforms) = postSolution
		{2C5A484B-F9A6-47AD-933A-71DA2C1C9371}.Debug|Any CPU.ActiveCfg = Debug|Any CPU
		{2C5A484B-F9A6-47AD-933A-71DA2C1C9371}.Debug|Any CPU.Build.0 = Debug|Any CPU
		{2C5A484B-F9A6-47AD-933A-71DA2C1C9371}.Release|Any CPU.ActiveCfg = Release|Any CPU
		{2C5A484B-F9A6-47AD-933A-71DA2C1C9371}.Release|Any CPU.Build.0 = Release|Any CPU
	EndGlobalSection
	GlobalSection(SolutionProperties) = preSolution
		HideSolutionNode = FALSE
	EndGlobalSection
	GlobalSection(ExtensibilityGlobals) = postSolution
		SolutionGuid = {324A026C-79E7-40ED-97DC-4B24DD7211A2}
	EndGlobalSection
EndGlobal
